
Microsoft Visual Studio Solution File, Format Version 12.00
# Visual Studio Version 16
VisualStudioVersion = 16.0.30804.86
MinimumVisualStudioVersion = 10.0.40219.1
Project("{FAE04EC0-301F-11D3-BF4B-00C04F79EFBC}") = "点名器", "点名器\点名器.csproj", "{3630F0AF-E480-4DA6-9AAC-EC32ECE29426}"
EndProject
Global
	GlobalSection(SolutionConfigurationPlatforms) = preSolution
		Debug|Any CPU = Debug|Any CPU
		Release|Any CPU = Release|Any CPU
	EndGlobalSection
	GlobalSection(ProjectConfigurationPlatforms) = postSolution
		{3630F0AF-E480-4DA6-9AAC-EC32ECE29426}.Debug|Any CPU.ActiveCfg = Debug|Any CPU
		{3630F0AF-E480-4DA6-9AAC-EC32ECE29426}.Debug|Any CPU.Build.0 = Debug|Any CPU
		{3630F0AF-E480-4DA6-9AAC-EC32ECE29426}.Release|Any CPU.ActiveCfg = Release|Any CPU
		{3630F0AF-E480-4DA6-9AAC-EC32ECE29426}.Release|Any CPU.Build.0 = Release|Any CPU
	EndGlobalSection
	GlobalSection(SolutionProperties) = preSolution
		HideSolutionNode = FALSE
	EndGlobalSection
	GlobalSection(ExtensibilityGlobals) = postSolution
		SolutionGuid = {FCF28294-BA19-4069-9790-86BA15A2E5B3}
	EndGlobalSection
EndGlobal
